
Microsoft Visual Studio Solution File, Format Version 12.00
# Visual Studio 15
VisualStudioVersion = 15.0.27703.2035
MinimumVisualStudioVersion = 10.0.40219.1
Project("{FAE04EC0-301F-11D3-BF4B-00C04F79EFBC}") = "MilesToKilometers", "MilesToKilometers\MilesToKilometers.csproj", "{0C40C553-9BEA-4C04-8FB8-33E6B526E062}"
EndProject
Global
	GlobalSection(SolutionConfigurationPlatforms) = preSolution
		Debug|Any CPU = Debug|Any CPU
		Release|Any CPU = Release|Any CPU
	EndGlobalSection
	GlobalSection(ProjectConfigurationPlatforms) = postSolution
		{0C40C553-9BEA-4C04-8FB8-33E6B526E062}.Debug|Any CPU.ActiveCfg = Debug|Any CPU
		{0C40C553-9BEA-4C04-8FB8-33E6B526E062}.Debug|Any CPU.Build.0 = Debug|Any CPU
		{0C40C553-9BEA-4C04-8FB8-33E6B526E062}.Release|Any CPU.ActiveCfg = Release|Any CPU
		{0C40C553-9BEA-4C04-8FB8-33E6B526E062}.Release|Any CPU.Build.0 = Release|Any CPU
	EndGlobalSection
	GlobalSection(SolutionProperties) = preSolution
		HideSolutionNode = FALSE
	EndGlobalSection
	GlobalSection(ExtensibilityGlobals) = postSolution
		SolutionGuid = {A579457E-9154-4808-BA70-6D4F763E6858}
	EndGlobalSection
EndGlobal
